
Microsoft Visual Studio Solution File, Format Version 12.00
# Visual Studio Version 17
VisualStudioVersion = 17.12.35707.178 d17.12
MinimumVisualStudioVersion = 10.0.40219.1
Project("{FAE04EC0-301F-11D3-BF4B-00C04F79EFBC}") = "LeaveTracker", "LeaveTracker.csproj", "{605714B5-7C04-4F28-9B2A-45DFDF8B4935}"
EndProject
Project("{FAE04EC0-301F-11D3-BF4B-00C04F79EFBC}") = "LeaveTracker.BLL", "..\LeaveTracker.BLL\LeaveTracker.BLL.csproj", "{54306103-7A52-4332-AF19-39FDD61E161F}"
EndProject
Project("{FAE04EC0-301F-11D3-BF4B-00C04F79EFBC}") = "LeaveTracker.DAL", "..\LeaveTracker.DAL\LeaveTracker.DAL.csproj", "{87A46E12-5CEB-44C4-A59B-CE2A35EF9FA7}"
EndProject
Global
	GlobalSection(SolutionConfigurationPlatforms) = preSolution
		Debug|Any CPU = Debug|Any CPU
		Release|Any CPU = Release|Any CPU
	EndGlobalSection
	GlobalSection(ProjectConfigurationPlatforms) = postSolution
		{605714B5-7C04-4F28-9B2A-45DFDF8B4935}.Debug|Any CPU.ActiveCfg = Debug|Any CPU
		{605714B5-7C04-4F28-9B2A-45DFDF8B4935}.Debug|Any CPU.Build.0 = Debug|Any CPU
		{605714B5-7C04-4F28-9B2A-45DFDF8B4935}.Release|Any CPU.ActiveCfg = Release|Any CPU
		{605714B5-7C04-4F28-9B2A-45DFDF8B4935}.Release|Any CPU.Build.0 = Release|Any CPU
		{54306103-7A52-4332-AF19-39FDD61E161F}.Debug|Any CPU.ActiveCfg = Debug|Any CPU
		{54306103-7A52-4332-AF19-39FDD61E161F}.Debug|Any CPU.Build.0 = Debug|Any CPU
		{54306103-7A52-4332-AF19-39FDD61E161F}.Release|Any CPU.ActiveCfg = Release|Any CPU
		{54306103-7A52-4332-AF19-39FDD61E161F}.Release|Any CPU.Build.0 = Release|Any CPU
		{87A46E12-5CEB-44C4-A59B-CE2A35EF9FA7}.Debug|Any CPU.ActiveCfg = Debug|Any CPU
		{87A46E12-5CEB-44C4-A59B-CE2A35EF9FA7}.Debug|Any CPU.Build.0 = Debug|Any CPU
		{87A46E12-5CEB-44C4-A59B-CE2A35EF9FA7}.Release|Any CPU.ActiveCfg = Release|Any CPU
		{87A46E12-5CEB-44C4-A59B-CE2A35EF9FA7}.Release|Any CPU.Build.0 = Release|Any CPU
	EndGlobalSection
	GlobalSection(SolutionProperties) = preSolution
		HideSolutionNode = FALSE
	EndGlobalSection
EndGlobal
